
Microsoft Visual Studio Solution File, Format Version 12.00
# Visual Studio Version 17
VisualStudioVersion = 17.8.34330.188
MinimumVisualStudioVersion = 10.0.40219.1
Project("{FAE04EC0-301F-11D3-BF4B-00C04F79EFBC}") = "SportsLeagueManagementPortal", "SportsLeagueManagementPortal\SportsLeagueManagementPortal.csproj", "{40AD819A-C310-4F22-BE79-8B3CF6E534F1}"
EndProject
Global
	GlobalSection(SolutionConfigurationPlatforms) = preSolution
		Debug|Any CPU = Debug|Any CPU
		Release|Any CPU = Release|Any CPU
	EndGlobalSection
	GlobalSection(ProjectConfigurationPlatforms) = postSolution
		{40AD819A-C310-4F22-BE79-8B3CF6E534F1}.Debug|Any CPU.ActiveCfg = Debug|Any CPU
		{40AD819A-C310-4F22-BE79-8B3CF6E534F1}.Debug|Any CPU.Build.0 = Debug|Any CPU
		{40AD819A-C310-4F22-BE79-8B3CF6E534F1}.Release|Any CPU.ActiveCfg = Release|Any CPU
		{40AD819A-C310-4F22-BE79-8B3CF6E534F1}.Release|Any CPU.Build.0 = Release|Any CPU
	EndGlobalSection
	GlobalSection(SolutionProperties) = preSolution
		HideSolutionNode = FALSE
	EndGlobalSection
	GlobalSection(ExtensibilityGlobals) = postSolution
		SolutionGuid = {7D8D8706-2C9F-4D6E-AEF1-949182D2DBBB}
	EndGlobalSection
EndGlobal
